
Microsoft Visual Studio Solution File, Format Version 12.00
# Visual Studio Version 17
VisualStudioVersion = 17.5.002.0
MinimumVisualStudioVersion = 10.0.40219.1
Project("{9A19103F-16F7-4668-BE54-9A1E7A4F7556}") = "switch-statement-practice-RubySteak", "switch-statement-practice-RubySteak.csproj", "{0E440CF7-C9BC-4CB7-8AEA-D1289794503B}"
EndProject
Global
	GlobalSection(SolutionConfigurationPlatforms) = preSolution
		Debug|Any CPU = Debug|Any CPU
		Release|Any CPU = Release|Any CPU
	EndGlobalSection
	GlobalSection(ProjectConfigurationPlatforms) = postSolution
		{0E440CF7-C9BC-4CB7-8AEA-D1289794503B}.Debug|Any CPU.ActiveCfg = Debug|Any CPU
		{0E440CF7-C9BC-4CB7-8AEA-D1289794503B}.Debug|Any CPU.Build.0 = Debug|Any CPU
		{0E440CF7-C9BC-4CB7-8AEA-D1289794503B}.Release|Any CPU.ActiveCfg = Release|Any CPU
		{0E440CF7-C9BC-4CB7-8AEA-D1289794503B}.Release|Any CPU.Build.0 = Release|Any CPU
	EndGlobalSection
	GlobalSection(SolutionProperties) = preSolution
		HideSolutionNode = FALSE
	EndGlobalSection
	GlobalSection(ExtensibilityGlobals) = postSolution
		SolutionGuid = {D97788F7-32A9-4E7B-ABFD-DF6212E08476}
	EndGlobalSection
EndGlobal
